// !$*UTF8*$!
{
	archiveVersion = 1;
	classes = {
	};
	objectVersion = 46;
	objects = {

/* Begin PBXBuildFile section */
		5F1E9B301F763C49009FECDD /* SplashScreenViewController.m in Sources */ = {isa = PBXBuildFile; fileRef = 5F1E9B2E1F763C49009FECDD /* SplashScreenViewController.m */; };
		5F1E9B311F763C49009FECDD /* SplashScreenViewController.xib in Resources */ = {isa = PBXBuildFile; fileRef = 5F1E9B2F1F763C49009FECDD /* SplashScreenViewController.xib */; };
		5F1E9B3A1F763C73009FECDD /* UserSelectViewController.m in Sources */ = {isa = PBXBuildFile; fileRef = 5F1E9B381F763C73009FECDD /* UserSelectViewController.m */; };
		5F1E9B3B1F763C73009FECDD /* UserSelectViewController.xib in Resources */ = {isa = PBXBuildFile; fileRef = 5F1E9B391F763C73009FECDD /* UserSelectViewController.xib */; };
		5F1E9B4A1F76442C009FECDD /* CommonFunction.m in Sources */ = {isa = PBXBuildFile; fileRef = 5F1E9B461F76442C009FECDD /* CommonFunction.m */; };
		5F1E9B4B1F76442C009FECDD /* CustomTextField.m in Sources */ = {isa = PBXBuildFile; fileRef = 5F1E9B491F76442C009FECDD /* CustomTextField.m */; };
		5F1E9B4E1F764568009FECDD /* CustomButton.m in Sources */ = {isa = PBXBuildFile; fileRef = 5F1E9B4D1F764568009FECDD /* CustomButton.m */; };
		5F1E9B521F76482D009FECDD /* Reachability.m in Sources */ = {isa = PBXBuildFile; fileRef = 5F1E9B511F76482D009FECDD /* Reachability.m */; };
		5F1E9B5D1F76AAB4009FECDD /* DependantDetailTableViewCell.m in Sources */ = {isa = PBXBuildFile; fileRef = 5F1E9B5B1F76AAB4009FECDD /* DependantDetailTableViewCell.m */; };
		5F1E9B5E1F76AAB4009FECDD /* DependantDetailTableViewCell.xib in Resources */ = {isa = PBXBuildFile; fileRef = 5F1E9B5C1F76AAB4009FECDD /* DependantDetailTableViewCell.xib */; };
		5F4F6C5F1F828E5A000C65A0 /* AwarenessCategoryViewController.m in Sources */ = {isa = PBXBuildFile; fileRef = 5F4F6C5D1F828E5A000C65A0 /* AwarenessCategoryViewController.m */; };
		5F4F6C601F828E5A000C65A0 /* AwarenessCategoryViewController.xib in Resources */ = {isa = PBXBuildFile; fileRef = 5F4F6C5E1F828E5A000C65A0 /* AwarenessCategoryViewController.xib */; };
		5F4F6C631F828F81000C65A0 /* AwarenessCategory.m in Sources */ = {isa = PBXBuildFile; fileRef = 5F4F6C621F828F81000C65A0 /* AwarenessCategory.m */; };
		5F4F6C681F82915F000C65A0 /* AwarenessCategoryTableViewCell.m in Sources */ = {isa = PBXBuildFile; fileRef = 5F4F6C661F82915F000C65A0 /* AwarenessCategoryTableViewCell.m */; };
		5F4F6C691F82915F000C65A0 /* AwarenessCategoryTableViewCell.xib in Resources */ = {isa = PBXBuildFile; fileRef = 5F4F6C671F82915F000C65A0 /* AwarenessCategoryTableViewCell.xib */; };
		5FBBBAE51F72401B00C03813 /* main.m in Sources */ = {isa = PBXBuildFile; fileRef = 5FBBBAE41F72401B00C03813 /* main.m */; };
		5FBBBAE81F72401B00C03813 /* AppDelegate.m in Sources */ = {isa = PBXBuildFile; fileRef = 5FBBBAE71F72401B00C03813 /* AppDelegate.m */; };
		5FBBBAEE1F72401B00C03813 /* Main.storyboard in Resources */ = {isa = PBXBuildFile; fileRef = 5FBBBAEC1F72401B00C03813 /* Main.storyboard */; };
		5FBBBAF11F72401B00C03813 /* TatabApp.xcdatamodeld in Sources */ = {isa = PBXBuildFile; fileRef = 5FBBBAEF1F72401B00C03813 /* TatabApp.xcdatamodeld */; };
		5FBBBAF31F72401B00C03813 /* Assets.xcassets in Resources */ = {isa = PBXBuildFile; fileRef = 5FBBBAF21F72401B00C03813 /* Assets.xcassets */; };
		5FBBBAF61F72401B00C03813 /* LaunchScreen.storyboard in Resources */ = {isa = PBXBuildFile; fileRef = 5FBBBAF41F72401B00C03813 /* LaunchScreen.storyboard */; };
		5FBBBB011F72401C00C03813 /* TatabAppTests.m in Sources */ = {isa = PBXBuildFile; fileRef = 5FBBBB001F72401C00C03813 /* TatabAppTests.m */; };
		5FBBBB1A1F72720800C03813 /* LoginViewController.m in Sources */ = {isa = PBXBuildFile; fileRef = 5FBBBB181F72720800C03813 /* LoginViewController.m */; };
		5FBBBB1B1F72720800C03813 /* LoginViewController.xib in Resources */ = {isa = PBXBuildFile; fileRef = 5FBBBB191F72720800C03813 /* LoginViewController.xib */; };
		80D4162ADB3F166D1F5DC3F4 /* libPods-TatabAppTests.a in Frameworks */ = {isa = PBXBuildFile; fileRef = D387D74185D905643A1858BE /* libPods-TatabAppTests.a */; };
		9C4C5ECE1F792725003D84BD /* RegistrationDpendency.m in Sources */ = {isa = PBXBuildFile; fileRef = 9C4C5ECD1F792725003D84BD /* RegistrationDpendency.m */; };
		9C6DE72C1F8399CD00635102 /* RearViewController.m in Sources */ = {isa = PBXBuildFile; fileRef = 9C6DE72A1F8399CD00635102 /* RearViewController.m */; };
		9C6DE72D1F8399CD00635102 /* RearViewController.xib in Resources */ = {isa = PBXBuildFile; fileRef = 9C6DE72B1F8399CD00635102 /* RearViewController.xib */; };
		9C6DE7321F83A1FC00635102 /* RearCell.m in Sources */ = {isa = PBXBuildFile; fileRef = 9C6DE7301F83A1FC00635102 /* RearCell.m */; };
		9C6DE7331F83A1FC00635102 /* RearCell.xib in Resources */ = {isa = PBXBuildFile; fileRef = 9C6DE7311F83A1FC00635102 /* RearCell.xib */; };
		9C6DE7381F83A60600635102 /* AwarenessVideoListViewController.m in Sources */ = {isa = PBXBuildFile; fileRef = 9C6DE7361F83A60600635102 /* AwarenessVideoListViewController.m */; };
		9C6DE7391F83A60600635102 /* AwarenessVideoListViewController.xib in Resources */ = {isa = PBXBuildFile; fileRef = 9C6DE7371F83A60600635102 /* AwarenessVideoListViewController.xib */; };
		9C6DE73C1F83A61A00635102 /* VideoListObject.m in Sources */ = {isa = PBXBuildFile; fileRef = 9C6DE73A1F83A61A00635102 /* VideoListObject.m */; };
		9C6DE7411F83A6B100635102 /* VideoListTableViewCell.m in Sources */ = {isa = PBXBuildFile; fileRef = 9C6DE73F1F83A6B100635102 /* VideoListTableViewCell.m */; };
		9C6DE7421F83A6B100635102 /* VideoListTableViewCell.xib in Resources */ = {isa = PBXBuildFile; fileRef = 9C6DE7401F83A6B100635102 /* VideoListTableViewCell.xib */; };
		9C8FE6D71F8B53270003003C /* RCDoctor3.m in Sources */ = {isa = PBXBuildFile; fileRef = 9C8FE6D51F8B53270003003C /* RCDoctor3.m */; };
		9C8FE6D81F8B53270003003C /* RCDoctor3.xib in Resources */ = {isa = PBXBuildFile; fileRef = 9C8FE6D61F8B53270003003C /* RCDoctor3.xib */; };
		9C8FE6DC1F8B8DCF0003003C /* RCDoctor4.m in Sources */ = {isa = PBXBuildFile; fileRef = 9C8FE6DA1F8B8DCF0003003C /* RCDoctor4.m */; };
		9C8FE6DD1F8B8DCF0003003C /* RCDoctor4.xib in Resources */ = {isa = PBXBuildFile; fileRef = 9C8FE6DB1F8B8DCF0003003C /* RCDoctor4.xib */; };
		D82354AA1F8A37790097A94C /* RCDoctor1.m in Sources */ = {isa = PBXBuildFile; fileRef = D82354A81F8A37790097A94C /* RCDoctor1.m */; };
		D82354AB1F8A37790097A94C /* RCDoctor1.xib in Resources */ = {isa = PBXBuildFile; fileRef = D82354A91F8A37790097A94C /* RCDoctor1.xib */; };
		D82354AF1F8A6C2E0097A94C /* RCDoctor2.m in Sources */ = {isa = PBXBuildFile; fileRef = D82354AD1F8A6C2E0097A94C /* RCDoctor2.m */; };
		D82354B01F8A6C2E0097A94C /* RCDoctor2.xib in Resources */ = {isa = PBXBuildFile; fileRef = D82354AE1F8A6C2E0097A94C /* RCDoctor2.xib */; };
		D84B6BB71F777D2C00F37660 /* WebServicesCall.m in Sources */ = {isa = PBXBuildFile; fileRef = D84B6BB61F777D2C00F37660 /* WebServicesCall.m */; };
		D84B6BBC1F77837500F37660 /* LoderView.m in Sources */ = {isa = PBXBuildFile; fileRef = D84B6BBA1F77837500F37660 /* LoderView.m */; };
		D84B6BBD1F77837500F37660 /* LoderView.xib in Resources */ = {isa = PBXBuildFile; fileRef = D84B6BBB1F77837500F37660 /* LoderView.xib */; };
		D84DF2031F8A0D9C00234070 /* RegisterCompleteViewController.m in Sources */ = {isa = PBXBuildFile; fileRef = D84DF1FE1F8A0D9C00234070 /* RegisterCompleteViewController.m */; };
		D84DF2041F8A0D9C00234070 /* RegisterCompleteViewController.xib in Resources */ = {isa = PBXBuildFile; fileRef = D84DF1FF1F8A0D9C00234070 /* RegisterCompleteViewController.xib */; };
		D84DF2051F8A0D9C00234070 /* RegisterViewController.m in Sources */ = {isa = PBXBuildFile; fileRef = D84DF2011F8A0D9C00234070 /* RegisterViewController.m */; };
		D84DF2061F8A0D9C00234070 /* RegisterViewController.xib in Resources */ = {isa = PBXBuildFile; fileRef = D84DF2021F8A0D9C00234070 /* RegisterViewController.xib */; };
		D8EE8B161F95E564006A018E /* Specialization.m in Sources */ = {isa = PBXBuildFile; fileRef = D8EE8B151F95E564006A018E /* Specialization.m */; };
		D8F5A55D1F92020300E36160 /* HomeViewController.m in Sources */ = {isa = PBXBuildFile; fileRef = D8F5A55B1F92020300E36160 /* HomeViewController.m */; };
		D8F5A55E1F92020300E36160 /* HomeViewController.xib in Resources */ = {isa = PBXBuildFile; fileRef = D8F5A55C1F92020300E36160 /* HomeViewController.xib */; };
		D8F5A5621F92021A00E36160 /* PatientHomeVC.m in Sources */ = {isa = PBXBuildFile; fileRef = D8F5A5601F92021A00E36160 /* PatientHomeVC.m */; };
		D8F5A5631F92021A00E36160 /* PatientHomeVC.xib in Resources */ = {isa = PBXBuildFile; fileRef = D8F5A5611F92021A00E36160 /* PatientHomeVC.xib */; };
		D8F5A5681F9202AF00E36160 /* DoctorListVC.m in Sources */ = {isa = PBXBuildFile; fileRef = D8F5A5661F9202AF00E36160 /* DoctorListVC.m */; };
		D8F5A5691F9202AF00E36160 /* DoctorListVC.xib in Resources */ = {isa = PBXBuildFile; fileRef = D8F5A5671F9202AF00E36160 /* DoctorListVC.xib */; };
		D8F5A56E1F9202D300E36160 /* HomeCell.m in Sources */ = {isa = PBXBuildFile; fileRef = D8F5A56C1F9202D300E36160 /* HomeCell.m */; };
		D8F5A56F1F9202D300E36160 /* HomeCell.xib in Resources */ = {isa = PBXBuildFile; fileRef = D8F5A56D1F9202D300E36160 /* HomeCell.xib */; };
		D8F5A5721F920B1C00E36160 /* CustomButton2.m in Sources */ = {isa = PBXBuildFile; fileRef = D8F5A5711F920B1C00E36160 /* CustomButton2.m */; };
		F3D93D20790BF946480A45A1 /* libPods-TatabApp.a in Frameworks */ = {isa = PBXBuildFile; fileRef = D816EB267D58E1A20A223E17 /* libPods-TatabApp.a */; };
/* End PBXBuildFile section */

/* Begin PBXContainerItemProxy section */
		5FBBBAFD1F72401C00C03813 /* PBXContainerItemProxy */ = {
			isa = PBXContainerItemProxy;
			containerPortal = 5FBBBAD81F72401B00C03813 /* Project object */;
			proxyType = 1;
			remoteGlobalIDString = 5FBBBADF1F72401B00C03813;
			remoteInfo = TatabApp;
		};
/* End PBXContainerItemProxy section */

/* Begin PBXFileReference section */
		0B7243BFA15CEF2681A99446 /* Pods-TatabAppTests.debug.xcconfig */ = {isa = PBXFileReference; includeInIndex = 1; lastKnownFileType = text.xcconfig; name = "Pods-TatabAppTests.debug.xcconfig"; path = "Pods/Target Support Files/Pods-TatabAppTests/Pods-TatabAppTests.debug.xcconfig"; sourceTree = "<group>"; };
		4E254AF616877AABF7CAB560 /* Pods-TatabAppTests.release.xcconfig */ = {isa = PBXFileReference; includeInIndex = 1; lastKnownFileType = text.xcconfig; name = "Pods-TatabAppTests.release.xcconfig"; path = "Pods/Target Support Files/Pods-TatabAppTests/Pods-TatabAppTests.release.xcconfig"; sourceTree = "<group>"; };
		5F1E9B2D1F763C49009FECDD /* SplashScreenViewController.h */ = {isa = PBXFileReference; fileEncoding = 4; lastKnownFileType = sourcecode.c.h; path = SplashScreenViewController.h; sourceTree = "<group>"; };
		5F1E9B2E1F763C49009FECDD /* SplashScreenViewController.m */ = {isa = PBXFileReference; fileEncoding = 4; lastKnownFileType = sourcecode.c.objc; path = SplashScreenViewController.m; sourceTree = "<group>"; };
		5F1E9B2F1F763C49009FECDD /* SplashScreenViewController.xib */ = {isa = PBXFileReference; fileEncoding = 4; lastKnownFileType = file.xib; path = SplashScreenViewController.xib; sourceTree = "<group>"; };
		5F1E9B371F763C73009FECDD /* UserSelectViewController.h */ = {isa = PBXFileReference; fileEncoding = 4; lastKnownFileType = sourcecode.c.h; path = UserSelectViewController.h; sourceTree = "<group>"; };
		5F1E9B381F763C73009FECDD /* UserSelectViewController.m */ = {isa = PBXFileReference; fileEncoding = 4; lastKnownFileType = sourcecode.c.objc; path = UserSelectViewController.m; sourceTree = "<group>"; };
		5F1E9B391F763C73009FECDD /* UserSelectViewController.xib */ = {isa = PBXFileReference; fileEncoding = 4; lastKnownFileType = file.xib; path = UserSelectViewController.xib; sourceTree = "<group>"; };
		5F1E9B411F764242009FECDD /* PrefixHeader.pch */ = {isa = PBXFileReference; lastKnownFileType = sourcecode.c.h; path = PrefixHeader.pch; sourceTree = "<group>"; };
		5F1E9B451F76442C009FECDD /* CommonFunction.h */ = {isa = PBXFileReference; fileEncoding = 4; lastKnownFileType = sourcecode.c.h; path = CommonFunction.h; sourceTree = "<group>"; };
		5F1E9B461F76442C009FECDD /* CommonFunction.m */ = {isa = PBXFileReference; fileEncoding = 4; lastKnownFileType = sourcecode.c.objc; path = CommonFunction.m; sourceTree = "<group>"; };
		5F1E9B471F76442C009FECDD /* Constant.h */ = {isa = PBXFileReference; fileEncoding = 4; lastKnownFileType = sourcecode.c.h; path = Constant.h; sourceTree = "<group>"; };
		5F1E9B481F76442C009FECDD /* CustomTextField.h */ = {isa = PBXFileReference; fileEncoding = 4; lastKnownFileType = sourcecode.c.h; path = CustomTextField.h; sourceTree = "<group>"; };
		5F1E9B491F76442C009FECDD /* CustomTextField.m */ = {isa = PBXFileReference; fileEncoding = 4; lastKnownFileType = sourcecode.c.objc; path = CustomTextField.m; sourceTree = "<group>"; };
		5F1E9B4C1F764568009FECDD /* CustomButton.h */ = {isa = PBXFileReference; fileEncoding = 4; lastKnownFileType = sourcecode.c.h; path = CustomButton.h; sourceTree = "<group>"; };
		5F1E9B4D1F764568009FECDD /* CustomButton.m */ = {isa = PBXFileReference; fileEncoding = 4; lastKnownFileType = sourcecode.c.objc; path = CustomButton.m; sourceTree = "<group>"; };
		5F1E9B501F76482D009FECDD /* Reachability.h */ = {isa = PBXFileReference; fileEncoding = 4; lastKnownFileType = sourcecode.c.h; path = Reachability.h; sourceTree = "<group>"; };
		5F1E9B511F76482D009FECDD /* Reachability.m */ = {isa = PBXFileReference; fileEncoding = 4; lastKnownFileType = sourcecode.c.objc; path = Reachability.m; sourceTree = "<group>"; };
		5F1E9B5A1F76AAB4009FECDD /* DependantDetailTableViewCell.h */ = {isa = PBXFileReference; fileEncoding = 4; lastKnownFileType = sourcecode.c.h; path = DependantDetailTableViewCell.h; sourceTree = "<group>"; };
		5F1E9B5B1F76AAB4009FECDD /* DependantDetailTableViewCell.m */ = {isa = PBXFileReference; fileEncoding = 4; lastKnownFileType = sourcecode.c.objc; path = DependantDetailTableViewCell.m; sourceTree = "<group>"; };
		5F1E9B5C1F76AAB4009FECDD /* DependantDetailTableViewCell.xib */ = {isa = PBXFileReference; fileEncoding = 4; lastKnownFileType = file.xib; path = DependantDetailTableViewCell.xib; sourceTree = "<group>"; };
		5F4F6C5C1F828E5A000C65A0 /* AwarenessCategoryViewController.h */ = {isa = PBXFileReference; fileEncoding = 4; lastKnownFileType = sourcecode.c.h; path = AwarenessCategoryViewController.h; sourceTree = "<group>"; };
		5F4F6C5D1F828E5A000C65A0 /* AwarenessCategoryViewController.m */ = {isa = PBXFileReference; fileEncoding = 4; lastKnownFileType = sourcecode.c.objc; path = AwarenessCategoryViewController.m; sourceTree = "<group>"; };
		5F4F6C5E1F828E5A000C65A0 /* AwarenessCategoryViewController.xib */ = {isa = PBXFileReference; fileEncoding = 4; lastKnownFileType = file.xib; path = AwarenessCategoryViewController.xib; sourceTree = "<group>"; };
		5F4F6C611F828F81000C65A0 /* AwarenessCategory.h */ = {isa = PBXFileReference; fileEncoding = 4; lastKnownFileType = sourcecode.c.h; path = AwarenessCategory.h; sourceTree = "<group>"; };
		5F4F6C621F828F81000C65A0 /* AwarenessCategory.m */ = {isa = PBXFileReference; fileEncoding = 4; lastKnownFileType = sourcecode.c.objc; path = AwarenessCategory.m; sourceTree = "<group>"; };
		5F4F6C651F82915F000C65A0 /* AwarenessCategoryTableViewCell.h */ = {isa = PBXFileReference; fileEncoding = 4; lastKnownFileType = sourcecode.c.h; path = AwarenessCategoryTableViewCell.h; sourceTree = "<group>"; };
		5F4F6C661F82915F000C65A0 /* AwarenessCategoryTableViewCell.m */ = {isa = PBXFileReference; fileEncoding = 4; lastKnownFileType = sourcecode.c.objc; path = AwarenessCategoryTableViewCell.m; sourceTree = "<group>"; };
		5F4F6C671F82915F000C65A0 /* AwarenessCategoryTableViewCell.xib */ = {isa = PBXFileReference; fileEncoding = 4; lastKnownFileType = file.xib; path = AwarenessCategoryTableViewCell.xib; sourceTree = "<group>"; };
		5FBBBAE01F72401B00C03813 /* TatabApp.app */ = {isa = PBXFileReference; explicitFileType = wrapper.application; includeInIndex = 0; path = TatabApp.app; sourceTree = BUILT_PRODUCTS_DIR; };
		5FBBBAE41F72401B00C03813 /* main.m */ = {isa = PBXFileReference; lastKnownFileType = sourcecode.c.objc; path = main.m; sourceTree = "<group>"; };
		5FBBBAE61F72401B00C03813 /* AppDelegate.h */ = {isa = PBXFileReference; lastKnownFileType = sourcecode.c.h; path = AppDelegate.h; sourceTree = "<group>"; };
		5FBBBAE71F72401B00C03813 /* AppDelegate.m */ = {isa = PBXFileReference; lastKnownFileType = sourcecode.c.objc; path = AppDelegate.m; sourceTree = "<group>"; };
		5FBBBAED1F72401B00C03813 /* Base */ = {isa = PBXFileReference; lastKnownFileType = file.storyboard; name = Base; path = Base.lproj/Main.storyboard; sourceTree = "<group>"; };
		5FBBBAF01F72401B00C03813 /* TatabApp.xcdatamodel */ = {isa = PBXFileReference; lastKnownFileType = wrapper.xcdatamodel; path = TatabApp.xcdatamodel; sourceTree = "<group>"; };
		5FBBBAF21F72401B00C03813 /* Assets.xcassets */ = {isa = PBXFileReference; lastKnownFileType = folder.assetcatalog; path = Assets.xcassets; sourceTree = "<group>"; };
		5FBBBAF51F72401B00C03813 /* Base */ = {isa = PBXFileReference; lastKnownFileType = file.storyboard; name = Base; path = Base.lproj/LaunchScreen.storyboard; sourceTree = "<group>"; };
		5FBBBAF71F72401B00C03813 /* Info.plist */ = {isa = PBXFileReference; lastKnownFileType = text.plist.xml; path = Info.plist; sourceTree = "<group>"; };
		5FBBBAFC1F72401C00C03813 /* TatabAppTests.xctest */ = {isa = PBXFileReference; explicitFileType = wrapper.cfbundle; includeInIndex = 0; path = TatabAppTests.xctest; sourceTree = BUILT_PRODUCTS_DIR; };
		5FBBBB001F72401C00C03813 /* TatabAppTests.m */ = {isa = PBXFileReference; lastKnownFileType = sourcecode.c.objc; path = TatabAppTests.m; sourceTree = "<group>"; };
		5FBBBB021F72401C00C03813 /* Info.plist */ = {isa = PBXFileReference; lastKnownFileType = text.plist.xml; path = Info.plist; sourceTree = "<group>"; };
		5FBBBB171F72720800C03813 /* LoginViewController.h */ = {isa = PBXFileReference; fileEncoding = 4; lastKnownFileType = sourcecode.c.h; path = LoginViewController.h; sourceTree = "<group>"; };
		5FBBBB181F72720800C03813 /* LoginViewController.m */ = {isa = PBXFileReference; fileEncoding = 4; lastKnownFileType = sourcecode.c.objc; path = LoginViewController.m; sourceTree = "<group>"; };
		5FBBBB191F72720800C03813 /* LoginViewController.xib */ = {isa = PBXFileReference; fileEncoding = 4; lastKnownFileType = file.xib; path = LoginViewController.xib; sourceTree = "<group>"; };
		9C4C5ECC1F792725003D84BD /* RegistrationDpendency.h */ = {isa = PBXFileReference; fileEncoding = 4; lastKnownFileType = sourcecode.c.h; path = RegistrationDpendency.h; sourceTree = "<group>"; };
		9C4C5ECD1F792725003D84BD /* RegistrationDpendency.m */ = {isa = PBXFileReference; fileEncoding = 4; lastKnownFileType = sourcecode.c.objc; path = RegistrationDpendency.m; sourceTree = "<group>"; };
		9C6DE7291F8399CD00635102 /* RearViewController.h */ = {isa = PBXFileReference; fileEncoding = 4; lastKnownFileType = sourcecode.c.h; path = RearViewController.h; sourceTree = "<group>"; };
		9C6DE72A1F8399CD00635102 /* RearViewController.m */ = {isa = PBXFileReference; fileEncoding = 4; lastKnownFileType = sourcecode.c.objc; path = RearViewController.m; sourceTree = "<group>"; };
		9C6DE72B1F8399CD00635102 /* RearViewController.xib */ = {isa = PBXFileReference; fileEncoding = 4; lastKnownFileType = file.xib; path = RearViewController.xib; sourceTree = "<group>"; };
		9C6DE72F1F83A1FC00635102 /* RearCell.h */ = {isa = PBXFileReference; fileEncoding = 4; lastKnownFileType = sourcecode.c.h; path = RearCell.h; sourceTree = "<group>"; };
		9C6DE7301F83A1FC00635102 /* RearCell.m */ = {isa = PBXFileReference; fileEncoding = 4; lastKnownFileType = sourcecode.c.objc; path = RearCell.m; sourceTree = "<group>"; };
		9C6DE7311F83A1FC00635102 /* RearCell.xib */ = {isa = PBXFileReference; fileEncoding = 4; lastKnownFileType = file.xib; path = RearCell.xib; sourceTree = "<group>"; };
		9C6DE7351F83A60600635102 /* AwarenessVideoListViewController.h */ = {isa = PBXFileReference; fileEncoding = 4; lastKnownFileType = sourcecode.c.h; path = AwarenessVideoListViewController.h; sourceTree = "<group>"; };
		9C6DE7361F83A60600635102 /* AwarenessVideoListViewController.m */ = {isa = PBXFileReference; fileEncoding = 4; lastKnownFileType = sourcecode.c.objc; path = AwarenessVideoListViewController.m; sourceTree = "<group>"; };
		9C6DE7371F83A60600635102 /* AwarenessVideoListViewController.xib */ = {isa = PBXFileReference; fileEncoding = 4; lastKnownFileType = file.xib; path = AwarenessVideoListViewController.xib; sourceTree = "<group>"; };
		9C6DE73A1F83A61A00635102 /* VideoListObject.m */ = {isa = PBXFileReference; fileEncoding = 4; lastKnownFileType = sourcecode.c.objc; path = VideoListObject.m; sourceTree = "<group>"; };
		9C6DE73B1F83A61A00635102 /* VideoListObject.h */ = {isa = PBXFileReference; fileEncoding = 4; lastKnownFileType = sourcecode.c.h; path = VideoListObject.h; sourceTree = "<group>"; };
		9C6DE73E1F83A6B100635102 /* VideoListTableViewCell.h */ = {isa = PBXFileReference; fileEncoding = 4; lastKnownFileType = sourcecode.c.h; path = VideoListTableViewCell.h; sourceTree = "<group>"; };
		9C6DE73F1F83A6B100635102 /* VideoListTableViewCell.m */ = {isa = PBXFileReference; fileEncoding = 4; lastKnownFileType = sourcecode.c.objc; path = VideoListTableViewCell.m; sourceTree = "<group>"; };
		9C6DE7401F83A6B100635102 /* VideoListTableViewCell.xib */ = {isa = PBXFileReference; fileEncoding = 4; lastKnownFileType = file.xib; path = VideoListTableViewCell.xib; sourceTree = "<group>"; };
		9C8FE6D41F8B53270003003C /* RCDoctor3.h */ = {isa = PBXFileReference; fileEncoding = 4; lastKnownFileType = sourcecode.c.h; path = RCDoctor3.h; sourceTree = "<group>"; };
		9C8FE6D51F8B53270003003C /* RCDoctor3.m */ = {isa = PBXFileReference; fileEncoding = 4; lastKnownFileType = sourcecode.c.objc; path = RCDoctor3.m; sourceTree = "<group>"; };
		9C8FE6D61F8B53270003003C /* RCDoctor3.xib */ = {isa = PBXFileReference; fileEncoding = 4; lastKnownFileType = file.xib; path = RCDoctor3.xib; sourceTree = "<group>"; };
		9C8FE6D91F8B8DCF0003003C /* RCDoctor4.h */ = {isa = PBXFileReference; fileEncoding = 4; lastKnownFileType = sourcecode.c.h; path = RCDoctor4.h; sourceTree = "<group>"; };
		9C8FE6DA1F8B8DCF0003003C /* RCDoctor4.m */ = {isa = PBXFileReference; fileEncoding = 4; lastKnownFileType = sourcecode.c.objc; path = RCDoctor4.m; sourceTree = "<group>"; };
		9C8FE6DB1F8B8DCF0003003C /* RCDoctor4.xib */ = {isa = PBXFileReference; fileEncoding = 4; lastKnownFileType = file.xib; path = RCDoctor4.xib; sourceTree = "<group>"; };
		BBB844014A999876E3EEA5CD /* Pods-TatabApp.release.xcconfig */ = {isa = PBXFileReference; includeInIndex = 1; lastKnownFileType = text.xcconfig; name = "Pods-TatabApp.release.xcconfig"; path = "Pods/Target Support Files/Pods-TatabApp/Pods-TatabApp.release.xcconfig"; sourceTree = "<group>"; };
		D387D74185D905643A1858BE /* libPods-TatabAppTests.a */ = {isa = PBXFileReference; explicitFileType = archive.ar; includeInIndex = 0; path = "libPods-TatabAppTests.a"; sourceTree = BUILT_PRODUCTS_DIR; };
		D816EB267D58E1A20A223E17 /* libPods-TatabApp.a */ = {isa = PBXFileReference; explicitFileType = archive.ar; includeInIndex = 0; path = "libPods-TatabApp.a"; sourceTree = BUILT_PRODUCTS_DIR; };
		D82354A71F8A37790097A94C /* RCDoctor1.h */ = {isa = PBXFileReference; fileEncoding = 4; lastKnownFileType = sourcecode.c.h; path = RCDoctor1.h; sourceTree = "<group>"; };
		D82354A81F8A37790097A94C /* RCDoctor1.m */ = {isa = PBXFileReference; fileEncoding = 4; lastKnownFileType = sourcecode.c.objc; path = RCDoctor1.m; sourceTree = "<group>"; };
		D82354A91F8A37790097A94C /* RCDoctor1.xib */ = {isa = PBXFileReference; fileEncoding = 4; lastKnownFileType = file.xib; path = RCDoctor1.xib; sourceTree = "<group>"; };
		D82354AC1F8A6C2E0097A94C /* RCDoctor2.h */ = {isa = PBXFileReference; fileEncoding = 4; lastKnownFileType = sourcecode.c.h; path = RCDoctor2.h; sourceTree = "<group>"; };
		D82354AD1F8A6C2E0097A94C /* RCDoctor2.m */ = {isa = PBXFileReference; fileEncoding = 4; lastKnownFileType = sourcecode.c.objc; path = RCDoctor2.m; sourceTree = "<group>"; };
		D82354AE1F8A6C2E0097A94C /* RCDoctor2.xib */ = {isa = PBXFileReference; fileEncoding = 4; lastKnownFileType = file.xib; path = RCDoctor2.xib; sourceTree = "<group>"; };
		D84B6BB51F777D2C00F37660 /* WebServicesCall.h */ = {isa = PBXFileReference; fileEncoding = 4; lastKnownFileType = sourcecode.c.h; path = WebServicesCall.h; sourceTree = "<group>"; };
		D84B6BB61F777D2C00F37660 /* WebServicesCall.m */ = {isa = PBXFileReference; fileEncoding = 4; lastKnownFileType = sourcecode.c.objc; path = WebServicesCall.m; sourceTree = "<group>"; };
		D84B6BB91F77837500F37660 /* LoderView.h */ = {isa = PBXFileReference; fileEncoding = 4; lastKnownFileType = sourcecode.c.h; path = LoderView.h; sourceTree = "<group>"; };
		D84B6BBA1F77837500F37660 /* LoderView.m */ = {isa = PBXFileReference; fileEncoding = 4; lastKnownFileType = sourcecode.c.objc; path = LoderView.m; sourceTree = "<group>"; };
		D84B6BBB1F77837500F37660 /* LoderView.xib */ = {isa = PBXFileReference; fileEncoding = 4; lastKnownFileType = file.xib; path = LoderView.xib; sourceTree = "<group>"; };
		D84DF1FD1F8A0D9C00234070 /* RegisterCompleteViewController.h */ = {isa = PBXFileReference; fileEncoding = 4; lastKnownFileType = sourcecode.c.h; path = RegisterCompleteViewController.h; sourceTree = "<group>"; };
		D84DF1FE1F8A0D9C00234070 /* RegisterCompleteViewController.m */ = {isa = PBXFileReference; fileEncoding = 4; lastKnownFileType = sourcecode.c.objc; path = RegisterCompleteViewController.m; sourceTree = "<group>"; };
		D84DF1FF1F8A0D9C00234070 /* RegisterCompleteViewController.xib */ = {isa = PBXFileReference; fileEncoding = 4; lastKnownFileType = file.xib; path = RegisterCompleteViewController.xib; sourceTree = "<group>"; };
		D84DF2001F8A0D9C00234070 /* RegisterViewController.h */ = {isa = PBXFileReference; fileEncoding = 4; lastKnownFileType = sourcecode.c.h; path = RegisterViewController.h; sourceTree = "<group>"; };
		D84DF2011F8A0D9C00234070 /* RegisterViewController.m */ = {isa = PBXFileReference; fileEncoding = 4; lastKnownFileType = sourcecode.c.objc; path = RegisterViewController.m; sourceTree = "<group>"; };
		D84DF2021F8A0D9C00234070 /* RegisterViewController.xib */ = {isa = PBXFileReference; fileEncoding = 4; lastKnownFileType = file.xib; path = RegisterViewController.xib; sourceTree = "<group>"; };
		D8EE8B141F95E564006A018E /* Specialization.h */ = {isa = PBXFileReference; fileEncoding = 4; lastKnownFileType = sourcecode.c.h; path = Specialization.h; sourceTree = "<group>"; };
		D8EE8B151F95E564006A018E /* Specialization.m */ = {isa = PBXFileReference; fileEncoding = 4; lastKnownFileType = sourcecode.c.objc; path = Specialization.m; sourceTree = "<group>"; };
		D8F5A55A1F92020300E36160 /* HomeViewController.h */ = {isa = PBXFileReference; fileEncoding = 4; lastKnownFileType = sourcecode.c.h; path = HomeViewController.h; sourceTree = "<group>"; };
		D8F5A55B1F92020300E36160 /* HomeViewController.m */ = {isa = PBXFileReference; fileEncoding = 4; lastKnownFileType = sourcecode.c.objc; path = HomeViewController.m; sourceTree = "<group>"; };
		D8F5A55C1F92020300E36160 /* HomeViewController.xib */ = {isa = PBXFileReference; fileEncoding = 4; lastKnownFileType = file.xib; path = HomeViewController.xib; sourceTree = "<group>"; };
		D8F5A55F1F92021A00E36160 /* PatientHomeVC.h */ = {isa = PBXFileReference; fileEncoding = 4; lastKnownFileType = sourcecode.c.h; path = PatientHomeVC.h; sourceTree = "<group>"; };
		D8F5A5601F92021A00E36160 /* PatientHomeVC.m */ = {isa = PBXFileReference; fileEncoding = 4; lastKnownFileType = sourcecode.c.objc; path = PatientHomeVC.m; sourceTree = "<group>"; };
		D8F5A5611F92021A00E36160 /* PatientHomeVC.xib */ = {isa = PBXFileReference; fileEncoding = 4; lastKnownFileType = file.xib; path = PatientHomeVC.xib; sourceTree = "<group>"; };
		D8F5A5651F9202AF00E36160 /* DoctorListVC.h */ = {isa = PBXFileReference; fileEncoding = 4; lastKnownFileType = sourcecode.c.h; path = DoctorListVC.h; sourceTree = "<group>"; };
		D8F5A5661F9202AF00E36160 /* DoctorListVC.m */ = {isa = PBXFileReference; fileEncoding = 4; lastKnownFileType = sourcecode.c.objc; path = DoctorListVC.m; sourceTree = "<group>"; };
		D8F5A5671F9202AF00E36160 /* DoctorListVC.xib */ = {isa = PBXFileReference; fileEncoding = 4; lastKnownFileType = file.xib; path = DoctorListVC.xib; sourceTree = "<group>"; };
		D8F5A56B1F9202D300E36160 /* HomeCell.h */ = {isa = PBXFileReference; fileEncoding = 4; lastKnownFileType = sourcecode.c.h; path = HomeCell.h; sourceTree = "<group>"; };
		D8F5A56C1F9202D300E36160 /* HomeCell.m */ = {isa = PBXFileReference; fileEncoding = 4; lastKnownFileType = sourcecode.c.objc; path = HomeCell.m; sourceTree = "<group>"; };
		D8F5A56D1F9202D300E36160 /* HomeCell.xib */ = {isa = PBXFileReference; fileEncoding = 4; lastKnownFileType = file.xib; path = HomeCell.xib; sourceTree = "<group>"; };
		D8F5A5701F920B1C00E36160 /* CustomButton2.h */ = {isa = PBXFileReference; fileEncoding = 4; lastKnownFileType = sourcecode.c.h; path = CustomButton2.h; sourceTree = "<group>"; };
		D8F5A5711F920B1C00E36160 /* CustomButton2.m */ = {isa = PBXFileReference; fileEncoding = 4; lastKnownFileType = sourcecode.c.objc; path = CustomButton2.m; sourceTree = "<group>"; };
		EC3D829D93651C6DE55E17FC /* Pods-TatabApp.debug.xcconfig */ = {isa = PBXFileReference; includeInIndex = 1; lastKnownFileType = text.xcconfig; name = "Pods-TatabApp.debug.xcconfig"; path = "Pods/Target Support Files/Pods-TatabApp/Pods-TatabApp.debug.xcconfig"; sourceTree = "<group>"; };
/* End PBXFileReference section */

/* Begin PBXFrameworksBuildPhase section */
		5FBBBADD1F72401B00C03813 /* Frameworks */ = {
			isa = PBXFrameworksBuildPhase;
			buildActionMask = 2147483647;
			files = (
				F3D93D20790BF946480A45A1 /* libPods-TatabApp.a in Frameworks */,
			);
			runOnlyForDeploymentPostprocessing = 0;
		};
		5FBBBAF91F72401C00C03813 /* Frameworks */ = {
			isa = PBXFrameworksBuildPhase;
			buildActionMask = 2147483647;
			files = (
				80D4162ADB3F166D1F5DC3F4 /* libPods-TatabAppTests.a in Frameworks */,
			);
			runOnlyForDeploymentPostprocessing = 0;
		};
/* End PBXFrameworksBuildPhase section */

/* Begin PBXGroup section */
		1E3F1CF84A9E09301F040515 /* Pods */ = {
			isa = PBXGroup;
			children = (
				EC3D829D93651C6DE55E17FC /* Pods-TatabApp.debug.xcconfig */,
				BBB844014A999876E3EEA5CD /* Pods-TatabApp.release.xcconfig */,
				0B7243BFA15CEF2681A99446 /* Pods-TatabAppTests.debug.xcconfig */,
				4E254AF616877AABF7CAB560 /* Pods-TatabAppTests.release.xcconfig */,
			);
			name = Pods;
			sourceTree = "<group>";
		};
		51EF22DD57B504A66E6CB433 /* Frameworks */ = {
			isa = PBXGroup;
			children = (
				D816EB267D58E1A20A223E17 /* libPods-TatabApp.a */,
				D387D74185D905643A1858BE /* libPods-TatabAppTests.a */,
			);
			name = Frameworks;
			sourceTree = "<group>";
		};
		5F1E9B4F1F76482D009FECDD /* Reachability */ = {
			isa = PBXGroup;
			children = (
				5F1E9B501F76482D009FECDD /* Reachability.h */,
				5F1E9B511F76482D009FECDD /* Reachability.m */,
			);
			path = Reachability;
			sourceTree = "<group>";
		};
		5F1E9B581F76AA62009FECDD /* TableViewCells */ = {
			isa = PBXGroup;
			children = (
				9C6DE73D1F83A6B100635102 /* VideoListTableViewCell */,
				5F4F6C641F82914A000C65A0 /* AwarenessCategoryTableViewCell */,
				5F1E9B591F76AA9A009FECDD /* DependantDetailTableViewCell */,
			);
			path = TableViewCells;
			sourceTree = "<group>";
		};
		5F1E9B591F76AA9A009FECDD /* DependantDetailTableViewCell */ = {
			isa = PBXGroup;
			children = (
				5F1E9B5A1F76AAB4009FECDD /* DependantDetailTableViewCell.h */,
				5F1E9B5B1F76AAB4009FECDD /* DependantDetailTableViewCell.m */,
				5F1E9B5C1F76AAB4009FECDD /* DependantDetailTableViewCell.xib */,
			);
			path = DependantDetailTableViewCell;
			sourceTree = "<group>";
		};
		5F4F6C5B1F820F6E000C65A0 /* AwarenessModule */ = {
			isa = PBXGroup;
			children = (
				9C6DE7341F83A60600635102 /* AwarenessVideoListViewController */,
				5F4F6C5C1F828E5A000C65A0 /* AwarenessCategoryViewController.h */,
				5F4F6C5D1F828E5A000C65A0 /* AwarenessCategoryViewController.m */,
				5F4F6C5E1F828E5A000C65A0 /* AwarenessCategoryViewController.xib */,
			);
			path = AwarenessModule;
			sourceTree = "<group>";
		};
		5F4F6C641F82914A000C65A0 /* AwarenessCategoryTableViewCell */ = {
			isa = PBXGroup;
			children = (
				5F4F6C651F82915F000C65A0 /* AwarenessCategoryTableViewCell.h */,
				5F4F6C661F82915F000C65A0 /* AwarenessCategoryTableViewCell.m */,
				5F4F6C671F82915F000C65A0 /* AwarenessCategoryTableViewCell.xib */,
			);
			path = AwarenessCategoryTableViewCell;
			sourceTree = "<group>";
		};
		5FBBBAD71F72401B00C03813 = {
			isa = PBXGroup;
			children = (
				5FBBBAE21F72401B00C03813 /* TatabApp */,
				5FBBBAFF1F72401C00C03813 /* TatabAppTests */,
				5FBBBAE11F72401B00C03813 /* Products */,
				1E3F1CF84A9E09301F040515 /* Pods */,
				51EF22DD57B504A66E6CB433 /* Frameworks */,
			);
			sourceTree = "<group>";
		};
		5FBBBAE11F72401B00C03813 /* Products */ = {
			isa = PBXGroup;
			children = (
				5FBBBAE01F72401B00C03813 /* TatabApp.app */,
				5FBBBAFC1F72401C00C03813 /* TatabAppTests.xctest */,
			);
			name = Products;
			sourceTree = "<group>";
		};
		5FBBBAE21F72401B00C03813 /* TatabApp */ = {
			isa = PBXGroup;
			children = (
				9C4C5ECB1F792717003D84BD /* Models */,
				5F1E9B581F76AA62009FECDD /* TableViewCells */,
				5FBBBB0B1F726FC400C03813 /* CommonFiles */,
				5FBBBB0C1F726FC400C03813 /* Libraries */,
				5FBBBB111F726FC400C03813 /* ViewControllers */,
				5FBBBAE61F72401B00C03813 /* AppDelegate.h */,
				5FBBBAE71F72401B00C03813 /* AppDelegate.m */,
				5FBBBAEC1F72401B00C03813 /* Main.storyboard */,
				5FBBBAF21F72401B00C03813 /* Assets.xcassets */,
				5FBBBAF41F72401B00C03813 /* LaunchScreen.storyboard */,
				5FBBBAF71F72401B00C03813 /* Info.plist */,
				5FBBBAEF1F72401B00C03813 /* TatabApp.xcdatamodeld */,
				5FBBBAE31F72401B00C03813 /* Supporting Files */,
			);
			path = TatabApp;
			sourceTree = "<group>";
		};
		5FBBBAE31F72401B00C03813 /* Supporting Files */ = {
			isa = PBXGroup;
			children = (
				5FBBBAE41F72401B00C03813 /* main.m */,
				5F1E9B411F764242009FECDD /* PrefixHeader.pch */,
			);
			name = "Supporting Files";
			sourceTree = "<group>";
		};
		5FBBBAFF1F72401C00C03813 /* TatabAppTests */ = {
			isa = PBXGroup;
			children = (
				5FBBBB001F72401C00C03813 /* TatabAppTests.m */,
				5FBBBB021F72401C00C03813 /* Info.plist */,
			);
			path = TatabAppTests;
			sourceTree = "<group>";
		};
		5FBBBB0B1F726FC400C03813 /* CommonFiles */ = {
			isa = PBXGroup;
			children = (
				D84B6BB81F77837500F37660 /* Loder VIew */,
				D84B6BB51F777D2C00F37660 /* WebServicesCall.h */,
				D84B6BB61F777D2C00F37660 /* WebServicesCall.m */,
				5F1E9B451F76442C009FECDD /* CommonFunction.h */,
				5F1E9B461F76442C009FECDD /* CommonFunction.m */,
				5F1E9B471F76442C009FECDD /* Constant.h */,
				5F1E9B481F76442C009FECDD /* CustomTextField.h */,
				5F1E9B491F76442C009FECDD /* CustomTextField.m */,
				5F1E9B4C1F764568009FECDD /* CustomButton.h */,
				5F1E9B4D1F764568009FECDD /* CustomButton.m */,
				D8F5A5701F920B1C00E36160 /* CustomButton2.h */,
				D8F5A5711F920B1C00E36160 /* CustomButton2.m */,
			);
			path = CommonFiles;
			sourceTree = "<group>";
		};
		5FBBBB0C1F726FC400C03813 /* Libraries */ = {
			isa = PBXGroup;
			children = (
				5F1E9B4F1F76482D009FECDD /* Reachability */,
			);
			path = Libraries;
			sourceTree = "<group>";
		};
		5FBBBB111F726FC400C03813 /* ViewControllers */ = {
			isa = PBXGroup;
			children = (
				D8F5A5641F92029600E36160 /* DoctorList */,
				9C6DE7281F8399B500635102 /* SideMenu */,
				5F4F6C5B1F820F6E000C65A0 /* AwarenessModule */,
				5FBBBB121F726FC400C03813 /* HomeViewController */,
				5FBBBB131F726FC400C03813 /* LoginViewController */,
				5FBBBB141F726FC400C03813 /* RegisterViewController */,
				5FBBBB151F726FC400C03813 /* SplashScreenViewController */,
				5FBBBB161F726FC400C03813 /* UserSelectViewController */,
			);
			path = ViewControllers;
			sourceTree = "<group>";
		};
		5FBBBB121F726FC400C03813 /* HomeViewController */ = {
			isa = PBXGroup;
			children = (
				D8F5A5591F9201D800E36160 /* Patient */,
				D8F5A5581F9201C000E36160 /* Doctor */,
			);
			path = HomeViewController;
			sourceTree = "<group>";
		};
		5FBBBB131F726FC400C03813 /* LoginViewController */ = {
			isa = PBXGroup;
			children = (
				5FBBBB171F72720800C03813 /* LoginViewController.h */,
				5FBBBB181F72720800C03813 /* LoginViewController.m */,
				5FBBBB191F72720800C03813 /* LoginViewController.xib */,
			);
			path = LoginViewController;
			sourceTree = "<group>";
		};
		5FBBBB141F726FC400C03813 /* RegisterViewController */ = {
			isa = PBXGroup;
			children = (
				D84DF1FC1F8A0D7200234070 /* Patient */,
				D84DF1FB1F8A0D4A00234070 /* Doctor */,
			);
			path = RegisterViewController;
			sourceTree = "<group>";
		};
		5FBBBB151F726FC400C03813 /* SplashScreenViewController */ = {
			isa = PBXGroup;
			children = (
				5F1E9B2D1F763C49009FECDD /* SplashScreenViewController.h */,
				5F1E9B2E1F763C49009FECDD /* SplashScreenViewController.m */,
				5F1E9B2F1F763C49009FECDD /* SplashScreenViewController.xib */,
			);
			path = SplashScreenViewController;
			sourceTree = "<group>";
		};
		5FBBBB161F726FC400C03813 /* UserSelectViewController */ = {
			isa = PBXGroup;
			children = (
				5F1E9B371F763C73009FECDD /* UserSelectViewController.h */,
				5F1E9B381F763C73009FECDD /* UserSelectViewController.m */,
				5F1E9B391F763C73009FECDD /* UserSelectViewController.xib */,
			);
			path = UserSelectViewController;
			sourceTree = "<group>";
		};
		9C4C5ECB1F792717003D84BD /* Models */ = {
			isa = PBXGroup;
			children = (
				9C6DE73A1F83A61A00635102 /* VideoListObject.m */,
				9C6DE73B1F83A61A00635102 /* VideoListObject.h */,
				9C4C5ECC1F792725003D84BD /* RegistrationDpendency.h */,
				9C4C5ECD1F792725003D84BD /* RegistrationDpendency.m */,
				5F4F6C611F828F81000C65A0 /* AwarenessCategory.h */,
				5F4F6C621F828F81000C65A0 /* AwarenessCategory.m */,
				D8EE8B141F95E564006A018E /* Specialization.h */,
				D8EE8B151F95E564006A018E /* Specialization.m */,
			);
			path = Models;
			sourceTree = "<group>";
		};
		9C6DE7281F8399B500635102 /* SideMenu */ = {
			isa = PBXGroup;
			children = (
				9C6DE72E1F83A1FC00635102 /* ReaeCell */,
				9C6DE7291F8399CD00635102 /* RearViewController.h */,
				9C6DE72A1F8399CD00635102 /* RearViewController.m */,
				9C6DE72B1F8399CD00635102 /* RearViewController.xib */,
			);
			path = SideMenu;
			sourceTree = "<group>";
		};
		9C6DE72E1F83A1FC00635102 /* ReaeCell */ = {
			isa = PBXGroup;
			children = (
				9C6DE72F1F83A1FC00635102 /* RearCell.h */,
				9C6DE7301F83A1FC00635102 /* RearCell.m */,
				9C6DE7311F83A1FC00635102 /* RearCell.xib */,
			);
			path = ReaeCell;
			sourceTree = "<group>";
		};
		9C6DE7341F83A60600635102 /* AwarenessVideoListViewController */ = {
			isa = PBXGroup;
			children = (
				9C6DE7351F83A60600635102 /* AwarenessVideoListViewController.h */,
				9C6DE7361F83A60600635102 /* AwarenessVideoListViewController.m */,
				9C6DE7371F83A60600635102 /* AwarenessVideoListViewController.xib */,
			);
			path = AwarenessVideoListViewController;
			sourceTree = "<group>";
		};
		9C6DE73D1F83A6B100635102 /* VideoListTableViewCell */ = {
			isa = PBXGroup;
			children = (
				9C6DE73E1F83A6B100635102 /* VideoListTableViewCell.h */,
				9C6DE73F1F83A6B100635102 /* VideoListTableViewCell.m */,
				9C6DE7401F83A6B100635102 /* VideoListTableViewCell.xib */,
			);
			path = VideoListTableViewCell;
			sourceTree = "<group>";
		};
		D84B6BB81F77837500F37660 /* Loder VIew */ = {
			isa = PBXGroup;
			children = (
				D84B6BB91F77837500F37660 /* LoderView.h */,
				D84B6BBA1F77837500F37660 /* LoderView.m */,
				D84B6BBB1F77837500F37660 /* LoderView.xib */,
			);
			path = "Loder VIew";
			sourceTree = "<group>";
		};
		D84DF1FB1F8A0D4A00234070 /* Doctor */ = {
			isa = PBXGroup;
			children = (
				D82354A71F8A37790097A94C /* RCDoctor1.h */,
				D82354A81F8A37790097A94C /* RCDoctor1.m */,
				D82354A91F8A37790097A94C /* RCDoctor1.xib */,
				D82354AC1F8A6C2E0097A94C /* RCDoctor2.h */,
				D82354AD1F8A6C2E0097A94C /* RCDoctor2.m */,
				D82354AE1F8A6C2E0097A94C /* RCDoctor2.xib */,
				9C8FE6D41F8B53270003003C /* RCDoctor3.h */,
				9C8FE6D51F8B53270003003C /* RCDoctor3.m */,
				9C8FE6D61F8B53270003003C /* RCDoctor3.xib */,
				9C8FE6D91F8B8DCF0003003C /* RCDoctor4.h */,
				9C8FE6DA1F8B8DCF0003003C /* RCDoctor4.m */,
				9C8FE6DB1F8B8DCF0003003C /* RCDoctor4.xib */,
			);
			path = Doctor;
			sourceTree = "<group>";
		};
		D84DF1FC1F8A0D7200234070 /* Patient */ = {
			isa = PBXGroup;
			children = (
				D84DF1FD1F8A0D9C00234070 /* RegisterCompleteViewController.h */,
				D84DF1FE1F8A0D9C00234070 /* RegisterCompleteViewController.m */,
				D84DF1FF1F8A0D9C00234070 /* RegisterCompleteViewController.xib */,
				D84DF2001F8A0D9C00234070 /* RegisterViewController.h */,
				D84DF2011F8A0D9C00234070 /* RegisterViewController.m */,
				D84DF2021F8A0D9C00234070 /* RegisterViewController.xib */,
			);
			path = Patient;
			sourceTree = "<group>";
		};
		D8F5A5581F9201C000E36160 /* Doctor */ = {
			isa = PBXGroup;
			children = (
				D8F5A55A1F92020300E36160 /* HomeViewController.h */,
				D8F5A55B1F92020300E36160 /* HomeViewController.m */,
				D8F5A55C1F92020300E36160 /* HomeViewController.xib */,
			);
			path = Doctor;
			sourceTree = "<group>";
		};
		D8F5A5591F9201D800E36160 /* Patient */ = {
			isa = PBXGroup;
			children = (
				D8F5A55F1F92021A00E36160 /* PatientHomeVC.h */,
				D8F5A5601F92021A00E36160 /* PatientHomeVC.m */,
				D8F5A5611F92021A00E36160 /* PatientHomeVC.xib */,
			);
			path = Patient;
			sourceTree = "<group>";
		};
		D8F5A5641F92029600E36160 /* DoctorList */ = {
			isa = PBXGroup;
			children = (
				D8F5A56A1F9202D300E36160 /* HomeCell */,
				D8F5A5651F9202AF00E36160 /* DoctorListVC.h */,
				D8F5A5661F9202AF00E36160 /* DoctorListVC.m */,
				D8F5A5671F9202AF00E36160 /* DoctorListVC.xib */,
			);
			path = DoctorList;
			sourceTree = "<group>";
		};
		D8F5A56A1F9202D300E36160 /* HomeCell */ = {
			isa = PBXGroup;
			children = (
				D8F5A56B1F9202D300E36160 /* HomeCell.h */,
				D8F5A56C1F9202D300E36160 /* HomeCell.m */,
				D8F5A56D1F9202D300E36160 /* HomeCell.xib */,
			);
			path = HomeCell;
			sourceTree = "<group>";
		};
/* End PBXGroup section */

/* Begin PBXNativeTarget section */
		5FBBBADF1F72401B00C03813 /* TatabApp */ = {
			isa = PBXNativeTarget;
			buildConfigurationList = 5FBBBB051F72401C00C03813 /* Build configuration list for PBXNativeTarget "TatabApp" */;
			buildPhases = (
				97923671430F2E33D4F872A0 /* [CP] Check Pods Manifest.lock */,
				4CD4B612EA43EAFEA3FF8B37 /* [CP] Check Pods Manifest.lock */,
				5FBBBADC1F72401B00C03813 /* Sources */,
				5FBBBADD1F72401B00C03813 /* Frameworks */,
				5FBBBADE1F72401B00C03813 /* Resources */,
				4C10FB05A424CF928864FE76 /* [CP] Embed Pods Frameworks */,
				5A1300C582EA6F262BF4A9CA /* [CP] Copy Pods Resources */,
				0C8F8621598F03830470E6AB /* 📦 Embed Pods Frameworks */,
				973B27D1D14C172CB630EAAF /* 📦 Copy Pods Resources */,
			);
			buildRules = (
			);
			dependencies = (
			);
			name = TatabApp;
			productName = TatabApp;
			productReference = 5FBBBAE01F72401B00C03813 /* TatabApp.app */;
			productType = "com.apple.product-type.application";
		};
		5FBBBAFB1F72401C00C03813 /* TatabAppTests */ = {
			isa = PBXNativeTarget;
			buildConfigurationList = 5FBBBB081F72401C00C03813 /* Build configuration list for PBXNativeTarget "TatabAppTests" */;
			buildPhases = (
				BE2E3A651AA8132493A57DFC /* [CP] Check Pods Manifest.lock */,
				E58598FF21E4C645EA4CAEE6 /* [CP] Check Pods Manifest.lock */,
				5FBBBAF81F72401C00C03813 /* Sources */,
				5FBBBAF91F72401C00C03813 /* Frameworks */,
				5FBBBAFA1F72401C00C03813 /* Resources */,
				9E922D34F5803162449E905D /* [CP] Embed Pods Frameworks */,
				E288F9550D7991FFB04D83B5 /* [CP] Copy Pods Resources */,
				C189FE941345E34EB5A5A164 /* 📦 Embed Pods Frameworks */,
				0C3B115733CE64BEA02E99C5 /* 📦 Copy Pods Resources */,
			);
			buildRules = (
			);
			dependencies = (
				5FBBBAFE1F72401C00C03813 /* PBXTargetDependency */,
			);
			name = TatabAppTests;
			productName = TatabAppTests;
			productReference = 5FBBBAFC1F72401C00C03813 /* TatabAppTests.xctest */;
			productType = "com.apple.product-type.bundle.unit-test";
		};
/* End PBXNativeTarget section */

/* Begin PBXProject section */
		5FBBBAD81F72401B00C03813 /* Project object */ = {
			isa = PBXProject;
			attributes = {
				LastUpgradeCheck = 0820;
				ORGANIZATIONNAME = "Shagun Verma";
				TargetAttributes = {
					5FBBBADF1F72401B00C03813 = {
						CreatedOnToolsVersion = 8.2.1;
						DevelopmentTeam = H7RFM2VSMC;
						ProvisioningStyle = Automatic;
					};
					5FBBBAFB1F72401C00C03813 = {
						CreatedOnToolsVersion = 8.2.1;
						ProvisioningStyle = Automatic;
						TestTargetID = 5FBBBADF1F72401B00C03813;
					};
				};
			};
			buildConfigurationList = 5FBBBADB1F72401B00C03813 /* Build configuration list for PBXProject "TatabApp" */;
			compatibilityVersion = "Xcode 3.2";
			developmentRegion = English;
			hasScannedForEncodings = 0;
			knownRegions = (
				en,
				Base,
			);
			mainGroup = 5FBBBAD71F72401B00C03813;
			productRefGroup = 5FBBBAE11F72401B00C03813 /* Products */;
			projectDirPath = "";
			projectRoot = "";
			targets = (
				5FBBBADF1F72401B00C03813 /* TatabApp */,
				5FBBBAFB1F72401C00C03813 /* TatabAppTests */,
			);
		};
/* End PBXProject section */

/* Begin PBXResourcesBuildPhase section */
		5FBBBADE1F72401B00C03813 /* Resources */ = {
			isa = PBXResourcesBuildPhase;
			buildActionMask = 2147483647;
			files = (
				D84DF2041F8A0D9C00234070 /* RegisterCompleteViewController.xib in Resources */,
				9C6DE7391F83A60600635102 /* AwarenessVideoListViewController.xib in Resources */,
				5FBBBB1B1F72720800C03813 /* LoginViewController.xib in Resources */,
				D82354AB1F8A37790097A94C /* RCDoctor1.xib in Resources */,
				5F4F6C601F828E5A000C65A0 /* AwarenessCategoryViewController.xib in Resources */,
				5F1E9B3B1F763C73009FECDD /* UserSelectViewController.xib in Resources */,
				9C8FE6DD1F8B8DCF0003003C /* RCDoctor4.xib in Resources */,
				5FBBBAF61F72401B00C03813 /* LaunchScreen.storyboard in Resources */,
				D8F5A5691F9202AF00E36160 /* DoctorListVC.xib in Resources */,
				D82354B01F8A6C2E0097A94C /* RCDoctor2.xib in Resources */,
				9C6DE7421F83A6B100635102 /* VideoListTableViewCell.xib in Resources */,
				5FBBBAF31F72401B00C03813 /* Assets.xcassets in Resources */,
				5F4F6C691F82915F000C65A0 /* AwarenessCategoryTableViewCell.xib in Resources */,
				D8F5A56F1F9202D300E36160 /* HomeCell.xib in Resources */,
				D84B6BBD1F77837500F37660 /* LoderView.xib in Resources */,
				5F1E9B311F763C49009FECDD /* SplashScreenViewController.xib in Resources */,
				5F1E9B5E1F76AAB4009FECDD /* DependantDetailTableViewCell.xib in Resources */,
				9C6DE72D1F8399CD00635102 /* RearViewController.xib in Resources */,
				5FBBBAEE1F72401B00C03813 /* Main.storyboard in Resources */,
				9C8FE6D81F8B53270003003C /* RCDoctor3.xib in Resources */,
				D84DF2061F8A0D9C00234070 /* RegisterViewController.xib in Resources */,
				9C6DE7331F83A1FC00635102 /* RearCell.xib in Resources */,
				D8F5A55E1F92020300E36160 /* HomeViewController.xib in Resources */,
				D8F5A5631F92021A00E36160 /* PatientHomeVC.xib in Resources */,
			);
			runOnlyForDeploymentPostprocessing = 0;
		};
		5FBBBAFA1F72401C00C03813 /* Resources */ = {
			isa = PBXResourcesBuildPhase;
			buildActionMask = 2147483647;
			files = (
			);
			runOnlyForDeploymentPostprocessing = 0;
		};
/* End PBXResourcesBuildPhase section */

/* Begin PBXShellScriptBuildPhase section */
		0C3B115733CE64BEA02E99C5 /* 📦 Copy Pods Resources */ = {
			isa = PBXShellScriptBuildPhase;
			buildActionMask = 2147483647;
			files = (
			);
			inputPaths = (
			);
			name = "📦 Copy Pods Resources";
			outputPaths = (
			);
			runOnlyForDeploymentPostprocessing = 0;
			shellPath = /bin/sh;
			shellScript = "\"${SRCROOT}/Pods/Target Support Files/Pods-TatabAppTests/Pods-TatabAppTests-resources.sh\"\n";
			showEnvVarsInLog = 0;
		};
		0C8F8621598F03830470E6AB /* 📦 Embed Pods Frameworks */ = {
			isa = PBXShellScriptBuildPhase;
			buildActionMask = 2147483647;
			files = (
			);
			inputPaths = (
			);
			name = "📦 Embed Pods Frameworks";
			outputPaths = (
			);
			runOnlyForDeploymentPostprocessing = 0;
			shellPath = /bin/sh;
			shellScript = "\"${SRCROOT}/Pods/Target Support Files/Pods-TatabApp/Pods-TatabApp-frameworks.sh\"\n";
			showEnvVarsInLog = 0;
		};
		4C10FB05A424CF928864FE76 /* [CP] Embed Pods Frameworks */ = {
			isa = PBXShellScriptBuildPhase;
			buildActionMask = 2147483647;
			files = (
			);
			inputPaths = (
			);
			name = "[CP] Embed Pods Frameworks";
			outputPaths = (
			);
			runOnlyForDeploymentPostprocessing = 0;
			shellPath = /bin/sh;
			shellScript = "\"${SRCROOT}/Pods/Target Support Files/Pods-TatabApp/Pods-TatabApp-frameworks.sh\"\n";
			showEnvVarsInLog = 0;
		};
		4CD4B612EA43EAFEA3FF8B37 /* [CP] Check Pods Manifest.lock */ = {
			isa = PBXShellScriptBuildPhase;
			buildActionMask = 2147483647;
			files = (
			);
			inputPaths = (
				"${PODS_PODFILE_DIR_PATH}/Podfile.lock",
				"${PODS_ROOT}/Manifest.lock",
			);
			name = "[CP] Check Pods Manifest.lock";
			outputPaths = (
				"$(DERIVED_FILE_DIR)/Pods-TatabApp-checkManifestLockResult.txt",
			);
			runOnlyForDeploymentPostprocessing = 0;
			shellPath = /bin/sh;
			shellScript = "diff \"${PODS_ROOT}/../Podfile.lock\" \"${PODS_ROOT}/Manifest.lock\" > /dev/null\nif [ $? != 0 ] ; then\n    # print error to STDERR\n    echo \"error: The sandbox is not in sync with the Podfile.lock. Run 'pod install' or update your CocoaPods installation.\" >&2\n    exit 1\nfi\n";
			showEnvVarsInLog = 0;
		};
		5A1300C582EA6F262BF4A9CA /* [CP] Copy Pods Resources */ = {
			isa = PBXShellScriptBuildPhase;
			buildActionMask = 2147483647;
			files = (
			);
			inputPaths = (
			);
			name = "[CP] Copy Pods Resources";
			outputPaths = (
			);
			runOnlyForDeploymentPostprocessing = 0;
			shellPath = /bin/sh;
			shellScript = "\"${SRCROOT}/Pods/Target Support Files/Pods-TatabApp/Pods-TatabApp-resources.sh\"\n";
			showEnvVarsInLog = 0;
		};
		973B27D1D14C172CB630EAAF /* 📦 Copy Pods Resources */ = {
			isa = PBXShellScriptBuildPhase;
			buildActionMask = 2147483647;
			files = (
			);
			inputPaths = (
			);
			name = "📦 Copy Pods Resources";
			outputPaths = (
			);
			runOnlyForDeploymentPostprocessing = 0;
			shellPath = /bin/sh;
			shellScript = "\"${SRCROOT}/Pods/Target Support Files/Pods-TatabApp/Pods-TatabApp-resources.sh\"\n";
			showEnvVarsInLog = 0;
		};
		97923671430F2E33D4F872A0 /* [CP] Check Pods Manifest.lock */ = {
			isa = PBXShellScriptBuildPhase;
			buildActionMask = 2147483647;
			files = (
			);
			inputPaths = (
			);
			name = "[CP] Check Pods Manifest.lock";
			outputPaths = (
			);
			runOnlyForDeploymentPostprocessing = 0;
			shellPath = /bin/sh;
			shellScript = "diff \"${PODS_ROOT}/../Podfile.lock\" \"${PODS_ROOT}/Manifest.lock\" > /dev/null\nif [ $? != 0 ] ; then\n    # print error to STDERR\n    echo \"error: The sandbox is not in sync with the Podfile.lock. Run 'pod install' or update your CocoaPods installation.\" >&2\n    exit 1\nfi\n";
			showEnvVarsInLog = 0;
		};
		9E922D34F5803162449E905D /* [CP] Embed Pods Frameworks */ = {
			isa = PBXShellScriptBuildPhase;
			buildActionMask = 2147483647;
			files = (
			);
			inputPaths = (
			);
			name = "[CP] Embed Pods Frameworks";
			outputPaths = (
			);
			runOnlyForDeploymentPostprocessing = 0;
			shellPath = /bin/sh;
			shellScript = "\"${SRCROOT}/Pods/Target Support Files/Pods-TatabAppTests/Pods-TatabAppTests-frameworks.sh\"\n";
			showEnvVarsInLog = 0;
		};
		BE2E3A651AA8132493A57DFC /* [CP] Check Pods Manifest.lock */ = {
			isa = PBXShellScriptBuildPhase;
			buildActionMask = 2147483647;
			files = (
			);
			inputPaths = (
			);
			name = "[CP] Check Pods Manifest.lock";
			outputPaths = (
			);
			runOnlyForDeploymentPostprocessing = 0;
			shellPath = /bin/sh;
			shellScript = "diff \"${PODS_ROOT}/../Podfile.lock\" \"${PODS_ROOT}/Manifest.lock\" > /dev/null\nif [ $? != 0 ] ; then\n    # print error to STDERR\n    echo \"error: The sandbox is not in sync with the Podfile.lock. Run 'pod install' or update your CocoaPods installation.\" >&2\n    exit 1\nfi\n";
			showEnvVarsInLog = 0;
		};
		C189FE941345E34EB5A5A164 /* 📦 Embed Pods Frameworks */ = {
			isa = PBXShellScriptBuildPhase;
			buildActionMask = 2147483647;
			files = (
			);
			inputPaths = (
			);
			name = "📦 Embed Pods Frameworks";
			outputPaths = (
			);
			runOnlyForDeploymentPostprocessing = 0;
			shellPath = /bin/sh;
			shellScript = "\"${SRCROOT}/Pods/Target Support Files/Pods-TatabAppTests/Pods-TatabAppTests-frameworks.sh\"\n";
			showEnvVarsInLog = 0;
		};
		E288F9550D7991FFB04D83B5 /* [CP] Copy Pods Resources */ = {
			isa = PBXShellScriptBuildPhase;
			buildActionMask = 2147483647;
			files = (
			);
			inputPaths = (
			);
			name = "[CP] Copy Pods Resources";
			outputPaths = (
			);
			runOnlyForDeploymentPostprocessing = 0;
			shellPath = /bin/sh;
			shellScript = "\"${SRCROOT}/Pods/Target Support Files/Pods-TatabAppTests/Pods-TatabAppTests-resources.sh\"\n";
			showEnvVarsInLog = 0;
		};
		E58598FF21E4C645EA4CAEE6 /* [CP] Check Pods Manifest.lock */ = {
			isa = PBXShellScriptBuildPhase;
			buildActionMask = 2147483647;
			files = (
			);
			inputPaths = (
				"${PODS_PODFILE_DIR_PATH}/Podfile.lock",
				"${PODS_ROOT}/Manifest.lock",
			);
			name = "[CP] Check Pods Manifest.lock";
			outputPaths = (
				"$(DERIVED_FILE_DIR)/Pods-TatabAppTests-checkManifestLockResult.txt",
			);
			runOnlyForDeploymentPostprocessing = 0;
			shellPath = /bin/sh;
			shellScript = "diff \"${PODS_ROOT}/../Podfile.lock\" \"${PODS_ROOT}/Manifest.lock\" > /dev/null\nif [ $? != 0 ] ; then\n    # print error to STDERR\n    echo \"error: The sandbox is not in sync with the Podfile.lock. Run 'pod install' or update your CocoaPods installation.\" >&2\n    exit 1\nfi\n";
			showEnvVarsInLog = 0;
		};
/* End PBXShellScriptBuildPhase section */

/* Begin PBXSourcesBuildPhase section */
		5FBBBADC1F72401B00C03813 /* Sources */ = {
			isa = PBXSourcesBuildPhase;
			buildActionMask = 2147483647;
			files = (
				5F4F6C5F1F828E5A000C65A0 /* AwarenessCategoryViewController.m in Sources */,
				9C8FE6D71F8B53270003003C /* RCDoctor3.m in Sources */,
				5FBBBB1A1F72720800C03813 /* LoginViewController.m in Sources */,
				D84B6BB71F777D2C00F37660 /* WebServicesCall.m in Sources */,
				5F4F6C631F828F81000C65A0 /* AwarenessCategory.m in Sources */,
				5F4F6C681F82915F000C65A0 /* AwarenessCategoryTableViewCell.m in Sources */,
				9C8FE6DC1F8B8DCF0003003C /* RCDoctor4.m in Sources */,
				9C6DE7381F83A60600635102 /* AwarenessVideoListViewController.m in Sources */,
				5F1E9B4A1F76442C009FECDD /* CommonFunction.m in Sources */,
				D8F5A5681F9202AF00E36160 /* DoctorListVC.m in Sources */,
				5F1E9B5D1F76AAB4009FECDD /* DependantDetailTableViewCell.m in Sources */,
				5FBBBAE81F72401B00C03813 /* AppDelegate.m in Sources */,
				D82354AA1F8A37790097A94C /* RCDoctor1.m in Sources */,
				D84B6BBC1F77837500F37660 /* LoderView.m in Sources */,
				D8F5A5621F92021A00E36160 /* PatientHomeVC.m in Sources */,
				5F1E9B4E1F764568009FECDD /* CustomButton.m in Sources */,
				D8EE8B161F95E564006A018E /* Specialization.m in Sources */,
				5F1E9B301F763C49009FECDD /* SplashScreenViewController.m in Sources */,
				9C6DE73C1F83A61A00635102 /* VideoListObject.m in Sources */,
				9C6DE7321F83A1FC00635102 /* RearCell.m in Sources */,
				5FBBBAF11F72401B00C03813 /* TatabApp.xcdatamodeld in Sources */,
				D84DF2051F8A0D9C00234070 /* RegisterViewController.m in Sources */,
				5F1E9B3A1F763C73009FECDD /* UserSelectViewController.m in Sources */,
				D84DF2031F8A0D9C00234070 /* RegisterCompleteViewController.m in Sources */,
				D8F5A56E1F9202D300E36160 /* HomeCell.m in Sources */,
				5FBBBAE51F72401B00C03813 /* main.m in Sources */,
				D8F5A55D1F92020300E36160 /* HomeViewController.m in Sources */,
				D82354AF1F8A6C2E0097A94C /* RCDoctor2.m in Sources */,
				5F1E9B4B1F76442C009FECDD /* CustomTextField.m in Sources */,
				9C4C5ECE1F792725003D84BD /* RegistrationDpendency.m in Sources */,
				5F1E9B521F76482D009FECDD /* Reachability.m in Sources */,
				D8F5A5721F920B1C00E36160 /* CustomButton2.m in Sources */,
				9C6DE7411F83A6B100635102 /* VideoListTableViewCell.m in Sources */,
				9C6DE72C1F8399CD00635102 /* RearViewController.m in Sources */,
			);
			runOnlyForDeploymentPostprocessing = 0;
		};
		5FBBBAF81F72401C00C03813 /* Sources */ = {
			isa = PBXSourcesBuildPhase;
			buildActionMask = 2147483647;
			files = (
				5FBBBB011F72401C00C03813 /* TatabAppTests.m in Sources */,
			);
			runOnlyForDeploymentPostprocessing = 0;
		};
/* End PBXSourcesBuildPhase section */

/* Begin PBXTargetDependency section */
		5FBBBAFE1F72401C00C03813 /* PBXTargetDependency */ = {
			isa = PBXTargetDependency;
			target = 5FBBBADF1F72401B00C03813 /* TatabApp */;
			targetProxy = 5FBBBAFD1F72401C00C03813 /* PBXContainerItemProxy */;
		};
/* End PBXTargetDependency section */

/* Begin PBXVariantGroup section */
		5FBBBAEC1F72401B00C03813 /* Main.storyboard */ = {
			isa = PBXVariantGroup;
			children = (
				5FBBBAED1F72401B00C03813 /* Base */,
			);
			name = Main.storyboard;
			sourceTree = "<group>";
		};
		5FBBBAF41F72401B00C03813 /* LaunchScreen.storyboard */ = {
			isa = PBXVariantGroup;
			children = (
				5FBBBAF51F72401B00C03813 /* Base */,
			);
			name = LaunchScreen.storyboard;
			sourceTree = "<group>";
		};
/* End PBXVariantGroup section */

/* Begin XCBuildConfiguration section */
		5FBBBB031F72401C00C03813 /* Debug */ = {
			isa = XCBuildConfiguration;
			buildSettings = {
				ALWAYS_SEARCH_USER_PATHS = NO;
				CLANG_ANALYZER_NONNULL = YES;
				CLANG_CXX_LANGUAGE_STANDARD = "gnu++0x";
				CLANG_CXX_LIBRARY = "libc++";
				CLANG_ENABLE_MODULES = YES;
				CLANG_ENABLE_OBJC_ARC = YES;
				CLANG_WARN_BOOL_CONVERSION = YES;
				CLANG_WARN_CONSTANT_CONVERSION = YES;
				CLANG_WARN_DIRECT_OBJC_ISA_USAGE = YES_ERROR;
				CLANG_WARN_DOCUMENTATION_COMMENTS = YES;
				CLANG_WARN_EMPTY_BODY = YES;
				CLANG_WARN_ENUM_CONVERSION = YES;
				CLANG_WARN_INFINITE_RECURSION = YES;
				CLANG_WARN_INT_CONVERSION = YES;
				CLANG_WARN_OBJC_ROOT_CLASS = YES_ERROR;
				CLANG_WARN_SUSPICIOUS_MOVE = YES;
				CLANG_WARN_UNREACHABLE_CODE = YES;
				CLANG_WARN__DUPLICATE_METHOD_MATCH = YES;
				"CODE_SIGN_IDENTITY[sdk=iphoneos*]" = "iPhone Developer";
				COPY_PHASE_STRIP = NO;
				DEBUG_INFORMATION_FORMAT = dwarf;
				ENABLE_STRICT_OBJC_MSGSEND = YES;
				ENABLE_TESTABILITY = YES;
				GCC_C_LANGUAGE_STANDARD = gnu99;
				GCC_DYNAMIC_NO_PIC = NO;
				GCC_NO_COMMON_BLOCKS = YES;
				GCC_OPTIMIZATION_LEVEL = 0;
				GCC_PREPROCESSOR_DEFINITIONS = (
					"DEBUG=1",
					"$(inherited)",
				);
				GCC_WARN_64_TO_32_BIT_CONVERSION = YES;
				GCC_WARN_ABOUT_RETURN_TYPE = YES_ERROR;
				GCC_WARN_UNDECLARED_SELECTOR = YES;
				GCC_WARN_UNINITIALIZED_AUTOS = YES_AGGRESSIVE;
				GCC_WARN_UNUSED_FUNCTION = YES;
				GCC_WARN_UNUSED_VARIABLE = YES;
				IPHONEOS_DEPLOYMENT_TARGET = 10.2;
				MTL_ENABLE_DEBUG_INFO = YES;
				ONLY_ACTIVE_ARCH = YES;
				SDKROOT = iphoneos;
			};
			name = Debug;
		};
		5FBBBB041F72401C00C03813 /* Release */ = {
			isa = XCBuildConfiguration;
			buildSettings = {
				ALWAYS_SEARCH_USER_PATHS = NO;
				CLANG_ANALYZER_NONNULL = YES;
				CLANG_CXX_LANGUAGE_STANDARD = "gnu++0x";
				CLANG_CXX_LIBRARY = "libc++";
				CLANG_ENABLE_MODULES = YES;
				CLANG_ENABLE_OBJC_ARC = YES;
				CLANG_WARN_BOOL_CONVERSION = YES;
				CLANG_WARN_CONSTANT_CONVERSION = YES;
				CLANG_WARN_DIRECT_OBJC_ISA_USAGE = YES_ERROR;
				CLANG_WARN_DOCUMENTATION_COMMENTS = YES;
				CLANG_WARN_EMPTY_BODY = YES;
				CLANG_WARN_ENUM_CONVERSION = YES;
				CLANG_WARN_INFINITE_RECURSION = YES;
				CLANG_WARN_INT_CONVERSION = YES;
				CLANG_WARN_OBJC_ROOT_CLASS = YES_ERROR;
				CLANG_WARN_SUSPICIOUS_MOVE = YES;
				CLANG_WARN_UNREACHABLE_CODE = YES;
				CLANG_WARN__DUPLICATE_METHOD_MATCH = YES;
				"CODE_SIGN_IDENTITY[sdk=iphoneos*]" = "iPhone Developer";
				COPY_PHASE_STRIP = NO;
				DEBUG_INFORMATION_FORMAT = "dwarf-with-dsym";
				ENABLE_NS_ASSERTIONS = NO;
				ENABLE_STRICT_OBJC_MSGSEND = YES;
				GCC_C_LANGUAGE_STANDARD = gnu99;
				GCC_NO_COMMON_BLOCKS = YES;
				GCC_WARN_64_TO_32_BIT_CONVERSION = YES;
				GCC_WARN_ABOUT_RETURN_TYPE = YES_ERROR;
				GCC_WARN_UNDECLARED_SELECTOR = YES;
				GCC_WARN_UNINITIALIZED_AUTOS = YES_AGGRESSIVE;
				GCC_WARN_UNUSED_FUNCTION = YES;
				GCC_WARN_UNUSED_VARIABLE = YES;
				IPHONEOS_DEPLOYMENT_TARGET = 10.2;
				MTL_ENABLE_DEBUG_INFO = NO;
				SDKROOT = iphoneos;
				VALIDATE_PRODUCT = YES;
			};
			name = Release;
		};
		5FBBBB061F72401C00C03813 /* Debug */ = {
			isa = XCBuildConfiguration;
			baseConfigurationReference = EC3D829D93651C6DE55E17FC /* Pods-TatabApp.debug.xcconfig */;
			buildSettings = {
				ASSETCATALOG_COMPILER_APPICON_NAME = AppIcon;
				"CODE_SIGN_IDENTITY[sdk=iphoneos*]" = "iPhone Developer";
				DEVELOPMENT_TEAM = H7RFM2VSMC;
				GCC_PREFIX_HEADER = Tatabapp/PrefixHeader.pch;
				HEADER_SEARCH_PATHS = (
					"$(inherited)",
					"\"${PODS_ROOT}/Headers/Public\"",
				);
				INFOPLIST_FILE = TatabApp/Info.plist;
				IPHONEOS_DEPLOYMENT_TARGET = 9.3;
				LD_RUNPATH_SEARCH_PATHS = "$(inherited) @executable_path/Frameworks";
				PRODUCT_BUNDLE_IDENTIFIER = com.ulab.SSCreative;
				PRODUCT_NAME = "$(TARGET_NAME)";
			};
			name = Debug;
		};
		5FBBBB071F72401C00C03813 /* Release */ = {
			isa = XCBuildConfiguration;
			baseConfigurationReference = BBB844014A999876E3EEA5CD /* Pods-TatabApp.release.xcconfig */;
			buildSettings = {
				ASSETCATALOG_COMPILER_APPICON_NAME = AppIcon;
				"CODE_SIGN_IDENTITY[sdk=iphoneos*]" = "iPhone Developer";
				DEVELOPMENT_TEAM = H7RFM2VSMC;
				GCC_PREFIX_HEADER = Tatabapp/PrefixHeader.pch;
				HEADER_SEARCH_PATHS = (
					"$(inherited)",
					"\"${PODS_ROOT}/Headers/Public\"",
				);
				INFOPLIST_FILE = TatabApp/Info.plist;
				IPHONEOS_DEPLOYMENT_TARGET = 9.3;
				LD_RUNPATH_SEARCH_PATHS = "$(inherited) @executable_path/Frameworks";
				PRODUCT_BUNDLE_IDENTIFIER = com.ulab.SSCreative;
				PRODUCT_NAME = "$(TARGET_NAME)";
			};
			name = Release;
		};
		5FBBBB091F72401C00C03813 /* Debug */ = {
			isa = XCBuildConfiguration;
			baseConfigurationReference = 0B7243BFA15CEF2681A99446 /* Pods-TatabAppTests.debug.xcconfig */;
			buildSettings = {
				BUNDLE_LOADER = "$(TEST_HOST)";
				INFOPLIST_FILE = TatabAppTests/Info.plist;
				LD_RUNPATH_SEARCH_PATHS = "$(inherited) @executable_path/Frameworks @loader_path/Frameworks";
				PRODUCT_BUNDLE_IDENTIFIER = com.cbcbc.SSCreative.TatabAppTests;
				PRODUCT_NAME = "$(TARGET_NAME)";
				TEST_HOST = "$(BUILT_PRODUCTS_DIR)/TatabApp.app/TatabApp";
			};
			name = Debug;
		};
		5FBBBB0A1F72401C00C03813 /* Release */ = {
			isa = XCBuildConfiguration;
			baseConfigurationReference = 4E254AF616877AABF7CAB560 /* Pods-TatabAppTests.release.xcconfig */;
			buildSettings = {
				BUNDLE_LOADER = "$(TEST_HOST)";
				INFOPLIST_FILE = TatabAppTests/Info.plist;
				LD_RUNPATH_SEARCH_PATHS = "$(inherited) @executable_path/Frameworks @loader_path/Frameworks";
				PRODUCT_BUNDLE_IDENTIFIER = com.cbcbc.SSCreative.TatabAppTests;
				PRODUCT_NAME = "$(TARGET_NAME)";
				TEST_HOST = "$(BUILT_PRODUCTS_DIR)/TatabApp.app/TatabApp";
			};
			name = Release;
		};
/* End XCBuildConfiguration section */

/* Begin XCConfigurationList section */
		5FBBBADB1F72401B00C03813 /* Build configuration list for PBXProject "TatabApp" */ = {
			isa = XCConfigurationList;
			buildConfigurations = (
				5FBBBB031F72401C00C03813 /* Debug */,
				5FBBBB041F72401C00C03813 /* Release */,
			);
			defaultConfigurationIsVisible = 0;
			defaultConfigurationName = Release;
		};
		5FBBBB051F72401C00C03813 /* Build configuration list for PBXNativeTarget "TatabApp" */ = {
			isa = XCConfigurationList;
			buildConfigurations = (
				5FBBBB061F72401C00C03813 /* Debug */,
				5FBBBB071F72401C00C03813 /* Release */,
			);
			defaultConfigurationIsVisible = 0;
			defaultConfigurationName = Release;
		};
		5FBBBB081F72401C00C03813 /* Build configuration list for PBXNativeTarget "TatabAppTests" */ = {
			isa = XCConfigurationList;
			buildConfigurations = (
				5FBBBB091F72401C00C03813 /* Debug */,
				5FBBBB0A1F72401C00C03813 /* Release */,
			);
			defaultConfigurationIsVisible = 0;
			defaultConfigurationName = Release;
		};
/* End XCConfigurationList section */

/* Begin XCVersionGroup section */
		5FBBBAEF1F72401B00C03813 /* TatabApp.xcdatamodeld */ = {
			isa = XCVersionGroup;
			children = (
				5FBBBAF01F72401B00C03813 /* TatabApp.xcdatamodel */,
			);
			currentVersion = 5FBBBAF01F72401B00C03813 /* TatabApp.xcdatamodel */;
			path = TatabApp.xcdatamodeld;
			sourceTree = "<group>";
			versionGroupType = wrapper.xcdatamodel;
		};
/* End XCVersionGroup section */
	};
	rootObject = 5FBBBAD81F72401B00C03813 /* Project object */;
}
